
Microsoft Visual Studio Solution File, Format Version 12.00
# Visual Studio 15
VisualStudioVersion = 15.0.27130.2024
MinimumVisualStudioVersion = 10.0.40219.1
Project("{FAE04EC0-301F-11D3-BF4B-00C04F79EFBC}") = "WpfOpenGlControl", "WpfOpenGlControl\WpfOpenGlControl.csproj", "{48B5D6A6-3F23-4668-A585-A9E33900C99D}"
EndProject
Project("{FAE04EC0-301F-11D3-BF4B-00C04F79EFBC}") = "WpfGlslControl", "WpfGlslControl\WpfGlslControl.csproj", "{50ED089B-AB09-4BF9-87BD-2934B76E5057}"
EndProject
Project("{2150E333-8FDC-42A3-9474-1A3956D46DE8}") = "examples", "examples", "{ACF5AA5C-469D-4FB0-B895-F44088E88476}"
EndProject
Project("{FAE04EC0-301F-11D3-BF4B-00C04F79EFBC}") = "WpfOpenGLControl.Sample", "examples\WpfOpenGlControl\WpfOpenGLControl.Sample.csproj", "{C16626EB-50B2-440E-B8D0-39A071DBCA40}"
EndProject
Project("{FAE04EC0-301F-11D3-BF4B-00C04F79EFBC}") = "WpfGlslControl.Sample", "examples\WpfGlslControl\WpfGlslControl.Sample.csproj", "{89DB2B76-463B-425F-A676-92DDBE74F19D}"
EndProject
Project("{2150E333-8FDC-42A3-9474-1A3956D46DE8}") = "Solution Items", "Solution Items", "{B041245B-9D5E-40ED-A005-B682A1AC52F2}"
	ProjectSection(SolutionItems) = preProject
		.gitattributes = .gitattributes
		.gitignore = .gitignore
		appveyor.yml = appveyor.yml
		CHANGELOG.md = CHANGELOG.md
		CONTRIBUTING.md = CONTRIBUTING.md
		ISSUE_TEMPLATE.md = ISSUE_TEMPLATE.md
		LICENSE = LICENSE
		README.md = README.md
	EndProjectSection
EndProject
Project("{FAE04EC0-301F-11D3-BF4B-00C04F79EFBC}") = "MultiControl.Sample", "examples\MultiControl.Sample\MultiControl.Sample.csproj", "{FCF80AF0-B92E-4F0B-BBF2-F3A17B029DC9}"
EndProject
Global
	GlobalSection(SolutionConfigurationPlatforms) = preSolution
		Debug|Any CPU = Debug|Any CPU
		Release|Any CPU = Release|Any CPU
	EndGlobalSection
	GlobalSection(ProjectConfigurationPlatforms) = postSolution
		{48B5D6A6-3F23-4668-A585-A9E33900C99D}.Debug|Any CPU.ActiveCfg = Debug|Any CPU
		{48B5D6A6-3F23-4668-A585-A9E33900C99D}.Debug|Any CPU.Build.0 = Debug|Any CPU
		{48B5D6A6-3F23-4668-A585-A9E33900C99D}.Release|Any CPU.ActiveCfg = Release|Any CPU
		{48B5D6A6-3F23-4668-A585-A9E33900C99D}.Release|Any CPU.Build.0 = Release|Any CPU
		{50ED089B-AB09-4BF9-87BD-2934B76E5057}.Debug|Any CPU.ActiveCfg = Debug|Any CPU
		{50ED089B-AB09-4BF9-87BD-2934B76E5057}.Debug|Any CPU.Build.0 = Debug|Any CPU
		{50ED089B-AB09-4BF9-87BD-2934B76E5057}.Release|Any CPU.ActiveCfg = Release|Any CPU
		{50ED089B-AB09-4BF9-87BD-2934B76E5057}.Release|Any CPU.Build.0 = Release|Any CPU
		{C16626EB-50B2-440E-B8D0-39A071DBCA40}.Debug|Any CPU.ActiveCfg = Debug|Any CPU
		{C16626EB-50B2-440E-B8D0-39A071DBCA40}.Debug|Any CPU.Build.0 = Debug|Any CPU
		{C16626EB-50B2-440E-B8D0-39A071DBCA40}.Release|Any CPU.ActiveCfg = Release|Any CPU
		{C16626EB-50B2-440E-B8D0-39A071DBCA40}.Release|Any CPU.Build.0 = Release|Any CPU
		{89DB2B76-463B-425F-A676-92DDBE74F19D}.Debug|Any CPU.ActiveCfg = Debug|Any CPU
		{89DB2B76-463B-425F-A676-92DDBE74F19D}.Debug|Any CPU.Build.0 = Debug|Any CPU
		{89DB2B76-463B-425F-A676-92DDBE74F19D}.Release|Any CPU.ActiveCfg = Release|Any CPU
		{89DB2B76-463B-425F-A676-92DDBE74F19D}.Release|Any CPU.Build.0 = Release|Any CPU
		{FCF80AF0-B92E-4F0B-BBF2-F3A17B029DC9}.Debug|Any CPU.ActiveCfg = Debug|Any CPU
		{FCF80AF0-B92E-4F0B-BBF2-F3A17B029DC9}.Debug|Any CPU.Build.0 = Debug|Any CPU
		{FCF80AF0-B92E-4F0B-BBF2-F3A17B029DC9}.Release|Any CPU.ActiveCfg = Release|Any CPU
		{FCF80AF0-B92E-4F0B-BBF2-F3A17B029DC9}.Release|Any CPU.Build.0 = Release|Any CPU
	EndGlobalSection
	GlobalSection(SolutionProperties) = preSolution
		HideSolutionNode = FALSE
	EndGlobalSection
	GlobalSection(NestedProjects) = preSolution
		{C16626EB-50B2-440E-B8D0-39A071DBCA40} = {ACF5AA5C-469D-4FB0-B895-F44088E88476}
		{89DB2B76-463B-425F-A676-92DDBE74F19D} = {ACF5AA5C-469D-4FB0-B895-F44088E88476}
		{FCF80AF0-B92E-4F0B-BBF2-F3A17B029DC9} = {ACF5AA5C-469D-4FB0-B895-F44088E88476}
	EndGlobalSection
	GlobalSection(ExtensibilityGlobals) = postSolution
		SolutionGuid = {EA653F59-22D3-4221-807D-7AF25BD7A839}
	EndGlobalSection
EndGlobal
